// !$*UTF8*$!
{
	archiveVersion = 1;
	classes = {
	};
	objectVersion = 46;
	objects = {

/* Begin PBXBuildFile section */
		3A0590121D328AFC00933C01 /* AppDelegate.swift in Sources */ = {isa = PBXBuildFile; fileRef = 3A0590111D328AFC00933C01 /* AppDelegate.swift */; };
		3A0590141D328AFC00933C01 /* TravelLocationsMapViewController.swift in Sources */ = {isa = PBXBuildFile; fileRef = 3A0590131D328AFC00933C01 /* TravelLocationsMapViewController.swift */; };
		3A0590171D328AFC00933C01 /* Main.storyboard in Resources */ = {isa = PBXBuildFile; fileRef = 3A0590151D328AFC00933C01 /* Main.storyboard */; };
		3A05901A1D328AFC00933C01 /* VirtualTourist.xcdatamodeld in Sources */ = {isa = PBXBuildFile; fileRef = 3A0590181D328AFC00933C01 /* VirtualTourist.xcdatamodeld */; };
		3A05901C1D328AFC00933C01 /* Assets.xcassets in Resources */ = {isa = PBXBuildFile; fileRef = 3A05901B1D328AFC00933C01 /* Assets.xcassets */; };
		3A05901F1D328AFC00933C01 /* LaunchScreen.storyboard in Resources */ = {isa = PBXBuildFile; fileRef = 3A05901D1D328AFC00933C01 /* LaunchScreen.storyboard */; };
		3A05902A1D328AFD00933C01 /* Virtual_TouristTests.swift in Sources */ = {isa = PBXBuildFile; fileRef = 3A0590291D328AFD00933C01 /* Virtual_TouristTests.swift */; };
		3A0590351D328AFD00933C01 /* Virtual_TouristUITests.swift in Sources */ = {isa = PBXBuildFile; fileRef = 3A0590341D328AFD00933C01 /* Virtual_TouristUITests.swift */; };
		3A0590441D328E7500933C01 /* Pin+CoreDataProperties.swift in Sources */ = {isa = PBXBuildFile; fileRef = 3A0590421D328E7500933C01 /* Pin+CoreDataProperties.swift */; };
		3A0590451D328E7500933C01 /* Pin.swift in Sources */ = {isa = PBXBuildFile; fileRef = 3A0590431D328E7500933C01 /* Pin.swift */; };
		3A71A4E01D352F2700E0C1D1 /* CoreDataStack.swift in Sources */ = {isa = PBXBuildFile; fileRef = 3A71A4DF1D352F2700E0C1D1 /* CoreDataStack.swift */; };
/* End PBXBuildFile section */

/* Begin PBXContainerItemProxy section */
		3A0590261D328AFD00933C01 /* PBXContainerItemProxy */ = {
			isa = PBXContainerItemProxy;
			containerPortal = 3A0590061D328AFC00933C01 /* Project object */;
			proxyType = 1;
			remoteGlobalIDString = 3A05900D1D328AFC00933C01;
			remoteInfo = "Virtual Tourist";
		};
		3A0590311D328AFD00933C01 /* PBXContainerItemProxy */ = {
			isa = PBXContainerItemProxy;
			containerPortal = 3A0590061D328AFC00933C01 /* Project object */;
			proxyType = 1;
			remoteGlobalIDString = 3A05900D1D328AFC00933C01;
			remoteInfo = "Virtual Tourist";
		};
/* End PBXContainerItemProxy section */

/* Begin PBXFileReference section */
		3A05900E1D328AFC00933C01 /* Virtual Tourist.app */ = {isa = PBXFileReference; explicitFileType = wrapper.application; includeInIndex = 0; path = "Virtual Tourist.app"; sourceTree = BUILT_PRODUCTS_DIR; };
		3A0590111D328AFC00933C01 /* AppDelegate.swift */ = {isa = PBXFileReference; lastKnownFileType = sourcecode.swift; path = AppDelegate.swift; sourceTree = "<group>"; };
		3A0590131D328AFC00933C01 /* TravelLocationsMapViewController.swift */ = {isa = PBXFileReference; lastKnownFileType = sourcecode.swift; path = TravelLocationsMapViewController.swift; sourceTree = "<group>"; };
		3A0590161D328AFC00933C01 /* Base */ = {isa = PBXFileReference; lastKnownFileType = file.storyboard; name = Base; path = Base.lproj/Main.storyboard; sourceTree = "<group>"; };
		3A0590191D328AFC00933C01 /* VirtualTourist.xcdatamodel */ = {isa = PBXFileReference; lastKnownFileType = wrapper.xcdatamodel; path = VirtualTourist.xcdatamodel; sourceTree = "<group>"; };
		3A05901B1D328AFC00933C01 /* Assets.xcassets */ = {isa = PBXFileReference; lastKnownFileType = folder.assetcatalog; path = Assets.xcassets; sourceTree = "<group>"; };
		3A05901E1D328AFC00933C01 /* Base */ = {isa = PBXFileReference; lastKnownFileType = file.storyboard; name = Base; path = Base.lproj/LaunchScreen.storyboard; sourceTree = "<group>"; };
		3A0590201D328AFC00933C01 /* Info.plist */ = {isa = PBXFileReference; lastKnownFileType = text.plist.xml; path = Info.plist; sourceTree = "<group>"; };
		3A0590251D328AFD00933C01 /* Virtual TouristTests.xctest */ = {isa = PBXFileReference; explicitFileType = wrapper.cfbundle; includeInIndex = 0; path = "Virtual TouristTests.xctest"; sourceTree = BUILT_PRODUCTS_DIR; };
		3A0590291D328AFD00933C01 /* Virtual_TouristTests.swift */ = {isa = PBXFileReference; lastKnownFileType = sourcecode.swift; path = Virtual_TouristTests.swift; sourceTree = "<group>"; };
		3A05902B1D328AFD00933C01 /* Info.plist */ = {isa = PBXFileReference; lastKnownFileType = text.plist.xml; path = Info.plist; sourceTree = "<group>"; };
		3A0590301D328AFD00933C01 /* Virtual TouristUITests.xctest */ = {isa = PBXFileReference; explicitFileType = wrapper.cfbundle; includeInIndex = 0; path = "Virtual TouristUITests.xctest"; sourceTree = BUILT_PRODUCTS_DIR; };
		3A0590341D328AFD00933C01 /* Virtual_TouristUITests.swift */ = {isa = PBXFileReference; lastKnownFileType = sourcecode.swift; path = Virtual_TouristUITests.swift; sourceTree = "<group>"; };
		3A0590361D328AFD00933C01 /* Info.plist */ = {isa = PBXFileReference; lastKnownFileType = text.plist.xml; path = Info.plist; sourceTree = "<group>"; };
		3A0590421D328E7500933C01 /* Pin+CoreDataProperties.swift */ = {isa = PBXFileReference; fileEncoding = 4; lastKnownFileType = sourcecode.swift; name = "Pin+CoreDataProperties.swift"; path = "Model/Pin+CoreDataProperties.swift"; sourceTree = "<group>"; };
		3A0590431D328E7500933C01 /* Pin.swift */ = {isa = PBXFileReference; fileEncoding = 4; lastKnownFileType = sourcecode.swift; name = Pin.swift; path = Model/Pin.swift; sourceTree = "<group>"; };
		3A71A4DF1D352F2700E0C1D1 /* CoreDataStack.swift */ = {isa = PBXFileReference; fileEncoding = 4; lastKnownFileType = sourcecode.swift; name = CoreDataStack.swift; path = Model/CoreDataStack.swift; sourceTree = "<group>"; };
/* End PBXFileReference section */

/* Begin PBXFrameworksBuildPhase section */
		3A05900B1D328AFC00933C01 /* Frameworks */ = {
			isa = PBXFrameworksBuildPhase;
			buildActionMask = 2147483647;
			files = (
			);
			runOnlyForDeploymentPostprocessing = 0;
		};
		3A0590221D328AFD00933C01 /* Frameworks */ = {
			isa = PBXFrameworksBuildPhase;
			buildActionMask = 2147483647;
			files = (
			);
			runOnlyForDeploymentPostprocessing = 0;
		};
		3A05902D1D328AFD00933C01 /* Frameworks */ = {
			isa = PBXFrameworksBuildPhase;
			buildActionMask = 2147483647;
			files = (
			);
			runOnlyForDeploymentPostprocessing = 0;
		};
/* End PBXFrameworksBuildPhase section */

/* Begin PBXGroup section */
		3A0590051D328AFC00933C01 = {
			isa = PBXGroup;
			children = (
				3A0590101D328AFC00933C01 /* Virtual Tourist */,
				3A0590281D328AFD00933C01 /* Virtual TouristTests */,
				3A0590331D328AFD00933C01 /* Virtual TouristUITests */,
				3A05900F1D328AFC00933C01 /* Products */,
			);
			sourceTree = "<group>";
		};
		3A05900F1D328AFC00933C01 /* Products */ = {
			isa = PBXGroup;
			children = (
				3A05900E1D328AFC00933C01 /* Virtual Tourist.app */,
				3A0590251D328AFD00933C01 /* Virtual TouristTests.xctest */,
				3A0590301D328AFD00933C01 /* Virtual TouristUITests.xctest */,
			);
			name = Products;
			sourceTree = "<group>";
		};
		3A0590101D328AFC00933C01 /* Virtual Tourist */ = {
			isa = PBXGroup;
			children = (
				3A0590461D328E7A00933C01 /* Model */,
				3A0590111D328AFC00933C01 /* AppDelegate.swift */,
				3A0590131D328AFC00933C01 /* TravelLocationsMapViewController.swift */,
				3A0590151D328AFC00933C01 /* Main.storyboard */,
				3A05901B1D328AFC00933C01 /* Assets.xcassets */,
				3A05901D1D328AFC00933C01 /* LaunchScreen.storyboard */,
				3A0590201D328AFC00933C01 /* Info.plist */,
				3A0590181D328AFC00933C01 /* VirtualTourist.xcdatamodeld */,
			);
			path = "Virtual Tourist";
			sourceTree = "<group>";
		};
		3A0590281D328AFD00933C01 /* Virtual TouristTests */ = {
			isa = PBXGroup;
			children = (
				3A0590291D328AFD00933C01 /* Virtual_TouristTests.swift */,
				3A05902B1D328AFD00933C01 /* Info.plist */,
			);
			path = "Virtual TouristTests";
			sourceTree = "<group>";
		};
		3A0590331D328AFD00933C01 /* Virtual TouristUITests */ = {
			isa = PBXGroup;
			children = (
				3A0590341D328AFD00933C01 /* Virtual_TouristUITests.swift */,
				3A0590361D328AFD00933C01 /* Info.plist */,
			);
			path = "Virtual TouristUITests";
			sourceTree = "<group>";
		};
		3A0590461D328E7A00933C01 /* Model */ = {
			isa = PBXGroup;
			children = (
				3A0590421D328E7500933C01 /* Pin+CoreDataProperties.swift */,
				3A0590431D328E7500933C01 /* Pin.swift */,
				3A71A4DF1D352F2700E0C1D1 /* CoreDataStack.swift */,
			);
			name = Model;
			sourceTree = "<group>";
		};
/* End PBXGroup section */

/* Begin PBXNativeTarget section */
		3A05900D1D328AFC00933C01 /* Virtual Tourist */ = {
			isa = PBXNativeTarget;
			buildConfigurationList = 3A0590391D328AFD00933C01 /* Build configuration list for PBXNativeTarget "Virtual Tourist" */;
			buildPhases = (
				3A05900A1D328AFC00933C01 /* Sources */,
				3A05900B1D328AFC00933C01 /* Frameworks */,
				3A05900C1D328AFC00933C01 /* Resources */,
			);
			buildRules = (
			);
			dependencies = (
			);
			name = "Virtual Tourist";
			productName = "Virtual Tourist";
			productReference = 3A05900E1D328AFC00933C01 /* Virtual Tourist.app */;
			productType = "com.apple.product-type.application";
		};
		3A0590241D328AFD00933C01 /* Virtual TouristTests */ = {
			isa = PBXNativeTarget;
			buildConfigurationList = 3A05903C1D328AFD00933C01 /* Build configuration list for PBXNativeTarget "Virtual TouristTests" */;
			buildPhases = (
				3A0590211D328AFD00933C01 /* Sources */,
				3A0590221D328AFD00933C01 /* Frameworks */,
				3A0590231D328AFD00933C01 /* Resources */,
			);
			buildRules = (
			);
			dependencies = (
				3A0590271D328AFD00933C01 /* PBXTargetDependency */,
			);
			name = "Virtual TouristTests";
			productName = "Virtual TouristTests";
			productReference = 3A0590251D328AFD00933C01 /* Virtual TouristTests.xctest */;
			productType = "com.apple.product-type.bundle.unit-test";
		};
		3A05902F1D328AFD00933C01 /* Virtual TouristUITests */ = {
			isa = PBXNativeTarget;
			buildConfigurationList = 3A05903F1D328AFD00933C01 /* Build configuration list for PBXNativeTarget "Virtual TouristUITests" */;
			buildPhases = (
				3A05902C1D328AFD00933C01 /* Sources */,
				3A05902D1D328AFD00933C01 /* Frameworks */,
				3A05902E1D328AFD00933C01 /* Resources */,
			);
			buildRules = (
			);
			dependencies = (
				3A0590321D328AFD00933C01 /* PBXTargetDependency */,
			);
			name = "Virtual TouristUITests";
			productName = "Virtual TouristUITests";
			productReference = 3A0590301D328AFD00933C01 /* Virtual TouristUITests.xctest */;
			productType = "com.apple.product-type.bundle.ui-testing";
		};
/* End PBXNativeTarget section */

/* Begin PBXProject section */
		3A0590061D328AFC00933C01 /* Project object */ = {
			isa = PBXProject;
			attributes = {
				LastSwiftUpdateCheck = 0730;
				LastUpgradeCheck = 0730;
				ORGANIZATIONNAME = "Ming Hu";
				TargetAttributes = {
					3A05900D1D328AFC00933C01 = {
						CreatedOnToolsVersion = 7.3;
						DevelopmentTeam = QM598M5WMV;
					};
					3A0590241D328AFD00933C01 = {
						CreatedOnToolsVersion = 7.3;
						DevelopmentTeam = QM598M5WMV;
						TestTargetID = 3A05900D1D328AFC00933C01;
					};
					3A05902F1D328AFD00933C01 = {
						CreatedOnToolsVersion = 7.3;
						DevelopmentTeam = QM598M5WMV;
						TestTargetID = 3A05900D1D328AFC00933C01;
					};
				};
			};
			buildConfigurationList = 3A0590091D328AFC00933C01 /* Build configuration list for PBXProject "Virtual Tourist" */;
			compatibilityVersion = "Xcode 3.2";
			developmentRegion = English;
			hasScannedForEncodings = 0;
			knownRegions = (
				en,
				Base,
			);
			mainGroup = 3A0590051D328AFC00933C01;
			productRefGroup = 3A05900F1D328AFC00933C01 /* Products */;
			projectDirPath = "";
			projectRoot = "";
			targets = (
				3A05900D1D328AFC00933C01 /* Virtual Tourist */,
				3A0590241D328AFD00933C01 /* Virtual TouristTests */,
				3A05902F1D328AFD00933C01 /* Virtual TouristUITests */,
			);
		};
/* End PBXProject section */

/* Begin PBXResourcesBuildPhase section */
		3A05900C1D328AFC00933C01 /* Resources */ = {
			isa = PBXResourcesBuildPhase;
			buildActionMask = 2147483647;
			files = (
				3A05901F1D328AFC00933C01 /* LaunchScreen.storyboard in Resources */,
				3A05901C1D328AFC00933C01 /* Assets.xcassets in Resources */,
				3A0590171D328AFC00933C01 /* Main.storyboard in Resources */,
			);
			runOnlyForDeploymentPostprocessing = 0;
		};
		3A0590231D328AFD00933C01 /* Resources */ = {
			isa = PBXResourcesBuildPhase;
			buildActionMask = 2147483647;
			files = (
			);
			runOnlyForDeploymentPostprocessing = 0;
		};
		3A05902E1D328AFD00933C01 /* Resources */ = {
			isa = PBXResourcesBuildPhase;
			buildActionMask = 2147483647;
			files = (
			);
			runOnlyForDeploymentPostprocessing = 0;
		};
/* End PBXResourcesBuildPhase section */

/* Begin PBXSourcesBuildPhase section */
		3A05900A1D328AFC00933C01 /* Sources */ = {
			isa = PBXSourcesBuildPhase;
			buildActionMask = 2147483647;
			files = (
				3A0590451D328E7500933C01 /* Pin.swift in Sources */,
				3A0590141D328AFC00933C01 /* TravelLocationsMapViewController.swift in Sources */,
				3A0590441D328E7500933C01 /* Pin+CoreDataProperties.swift in Sources */,
				3A71A4E01D352F2700E0C1D1 /* CoreDataStack.swift in Sources */,
				3A05901A1D328AFC00933C01 /* VirtualTourist.xcdatamodeld in Sources */,
				3A0590121D328AFC00933C01 /* AppDelegate.swift in Sources */,
			);
			runOnlyForDeploymentPostprocessing = 0;
		};
		3A0590211D328AFD00933C01 /* Sources */ = {
			isa = PBXSourcesBuildPhase;
			buildActionMask = 2147483647;
			files = (
				3A05902A1D328AFD00933C01 /* Virtual_TouristTests.swift in Sources */,
			);
			runOnlyForDeploymentPostprocessing = 0;
		};
		3A05902C1D328AFD00933C01 /* Sources */ = {
			isa = PBXSourcesBuildPhase;
			buildActionMask = 2147483647;
			files = (
				3A0590351D328AFD00933C01 /* Virtual_TouristUITests.swift in Sources */,
			);
			runOnlyForDeploymentPostprocessing = 0;
		};
/* End PBXSourcesBuildPhase section */

/* Begin PBXTargetDependency section */
		3A0590271D328AFD00933C01 /* PBXTargetDependency */ = {
			isa = PBXTargetDependency;
			target = 3A05900D1D328AFC00933C01 /* Virtual Tourist */;
			targetProxy = 3A0590261D328AFD00933C01 /* PBXContainerItemProxy */;
		};
		3A0590321D328AFD00933C01 /* PBXTargetDependency */ = {
			isa = PBXTargetDependency;
			target = 3A05900D1D328AFC00933C01 /* Virtual Tourist */;
			targetProxy = 3A0590311D328AFD00933C01 /* PBXContainerItemProxy */;
		};
/* End PBXTargetDependency section */

/* Begin PBXVariantGroup section */
		3A0590151D328AFC00933C01 /* Main.storyboard */ = {
			isa = PBXVariantGroup;
			children = (
				3A0590161D328AFC00933C01 /* Base */,
			);
			name = Main.storyboard;
			sourceTree = "<group>";
		};
		3A05901D1D328AFC00933C01 /* LaunchScreen.storyboard */ = {
			isa = PBXVariantGroup;
			children = (
				3A05901E1D328AFC00933C01 /* Base */,
			);
			name = LaunchScreen.storyboard;
			sourceTree = "<group>";
		};
/* End PBXVariantGroup section */

/* Begin XCBuildConfiguration section */
		3A0590371D328AFD00933C01 /* Debug */ = {
			isa = XCBuildConfiguration;
			buildSettings = {
				ALWAYS_SEARCH_USER_PATHS = NO;
				CLANG_ANALYZER_NONNULL = YES;
				CLANG_CXX_LANGUAGE_STANDARD = "gnu++0x";
				CLANG_CXX_LIBRARY = "libc++";
				CLANG_ENABLE_MODULES = YES;
				CLANG_ENABLE_OBJC_ARC = YES;
				CLANG_WARN_BOOL_CONVERSION = YES;
				CLANG_WARN_CONSTANT_CONVERSION = YES;
				CLANG_WARN_DIRECT_OBJC_ISA_USAGE = YES_ERROR;
				CLANG_WARN_EMPTY_BODY = YES;
				CLANG_WARN_ENUM_CONVERSION = YES;
				CLANG_WARN_INT_CONVERSION = YES;
				CLANG_WARN_OBJC_ROOT_CLASS = YES_ERROR;
				CLANG_WARN_UNREACHABLE_CODE = YES;
				CLANG_WARN__DUPLICATE_METHOD_MATCH = YES;
				"CODE_SIGN_IDENTITY[sdk=iphoneos*]" = "iPhone Developer";
				COPY_PHASE_STRIP = NO;
				DEBUG_INFORMATION_FORMAT = dwarf;
				ENABLE_STRICT_OBJC_MSGSEND = YES;
				ENABLE_TESTABILITY = YES;
				GCC_C_LANGUAGE_STANDARD = gnu99;
				GCC_DYNAMIC_NO_PIC = NO;
				GCC_NO_COMMON_BLOCKS = YES;
				GCC_OPTIMIZATION_LEVEL = 0;
				GCC_PREPROCESSOR_DEFINITIONS = (
					"DEBUG=1",
					"$(inherited)",
				);
				GCC_WARN_64_TO_32_BIT_CONVERSION = YES;
				GCC_WARN_ABOUT_RETURN_TYPE = YES_ERROR;
				GCC_WARN_UNDECLARED_SELECTOR = YES;
				GCC_WARN_UNINITIALIZED_AUTOS = YES_AGGRESSIVE;
				GCC_WARN_UNUSED_FUNCTION = YES;
				GCC_WARN_UNUSED_VARIABLE = YES;
				IPHONEOS_DEPLOYMENT_TARGET = 9.3;
				MTL_ENABLE_DEBUG_INFO = YES;
				ONLY_ACTIVE_ARCH = YES;
				SDKROOT = iphoneos;
				SWIFT_OPTIMIZATION_LEVEL = "-Onone";
			};
			name = Debug;
		};
		3A0590381D328AFD00933C01 /* Release */ = {
			isa = XCBuildConfiguration;
			buildSettings = {
				ALWAYS_SEARCH_USER_PATHS = NO;
				CLANG_ANALYZER_NONNULL = YES;
				CLANG_CXX_LANGUAGE_STANDARD = "gnu++0x";
				CLANG_CXX_LIBRARY = "libc++";
				CLANG_ENABLE_MODULES = YES;
				CLANG_ENABLE_OBJC_ARC = YES;
				CLANG_WARN_BOOL_CONVERSION = YES;
				CLANG_WARN_CONSTANT_CONVERSION = YES;
				CLANG_WARN_DIRECT_OBJC_ISA_USAGE = YES_ERROR;
				CLANG_WARN_EMPTY_BODY = YES;
				CLANG_WARN_ENUM_CONVERSION = YES;
				CLANG_WARN_INT_CONVERSION = YES;
				CLANG_WARN_OBJC_ROOT_CLASS = YES_ERROR;
				CLANG_WARN_UNREACHABLE_CODE = YES;
				CLANG_WARN__DUPLICATE_METHOD_MATCH = YES;
				"CODE_SIGN_IDENTITY[sdk=iphoneos*]" = "iPhone Developer";
				COPY_PHASE_STRIP = NO;
				DEBUG_INFORMATION_FORMAT = "dwarf-with-dsym";
				ENABLE_NS_ASSERTIONS = NO;
				ENABLE_STRICT_OBJC_MSGSEND = YES;
				GCC_C_LANGUAGE_STANDARD = gnu99;
				GCC_NO_COMMON_BLOCKS = YES;
				GCC_WARN_64_TO_32_BIT_CONVERSION = YES;
				GCC_WARN_ABOUT_RETURN_TYPE = YES_ERROR;
				GCC_WARN_UNDECLARED_SELECTOR = YES;
				GCC_WARN_UNINITIALIZED_AUTOS = YES_AGGRESSIVE;
				GCC_WARN_UNUSED_FUNCTION = YES;
				GCC_WARN_UNUSED_VARIABLE = YES;
				IPHONEOS_DEPLOYMENT_TARGET = 9.3;
				MTL_ENABLE_DEBUG_INFO = NO;
				SDKROOT = iphoneos;
				VALIDATE_PRODUCT = YES;
			};
			name = Release;
		};
		3A05903A1D328AFD00933C01 /* Debug */ = {
			isa = XCBuildConfiguration;
			buildSettings = {
				ASSETCATALOG_COMPILER_APPICON_NAME = AppIcon;
				INFOPLIST_FILE = "Virtual Tourist/Info.plist";
				LD_RUNPATH_SEARCH_PATHS = "$(inherited) @executable_path/Frameworks";
				PRODUCT_BUNDLE_IDENTIFIER = "ming.Virtual-Tourist";
				PRODUCT_NAME = "$(TARGET_NAME)";
			};
			name = Debug;
		};
		3A05903B1D328AFD00933C01 /* Release */ = {
			isa = XCBuildConfiguration;
			buildSettings = {
				ASSETCATALOG_COMPILER_APPICON_NAME = AppIcon;
				INFOPLIST_FILE = "Virtual Tourist/Info.plist";
				LD_RUNPATH_SEARCH_PATHS = "$(inherited) @executable_path/Frameworks";
				PRODUCT_BUNDLE_IDENTIFIER = "ming.Virtual-Tourist";
				PRODUCT_NAME = "$(TARGET_NAME)";
			};
			name = Release;
		};
		3A05903D1D328AFD00933C01 /* Debug */ = {
			isa = XCBuildConfiguration;
			buildSettings = {
				BUNDLE_LOADER = "$(TEST_HOST)";
				INFOPLIST_FILE = "Virtual TouristTests/Info.plist";
				LD_RUNPATH_SEARCH_PATHS = "$(inherited) @executable_path/Frameworks @loader_path/Frameworks";
				PRODUCT_BUNDLE_IDENTIFIER = "ming.Virtual-TouristTests";
				PRODUCT_NAME = "$(TARGET_NAME)";
				TEST_HOST = "$(BUILT_PRODUCTS_DIR)/Virtual Tourist.app/Virtual Tourist";
			};
			name = Debug;
		};
		3A05903E1D328AFD00933C01 /* Release */ = {
			isa = XCBuildConfiguration;
			buildSettings = {
				BUNDLE_LOADER = "$(TEST_HOST)";
				INFOPLIST_FILE = "Virtual TouristTests/Info.plist";
				LD_RUNPATH_SEARCH_PATHS = "$(inherited) @executable_path/Frameworks @loader_path/Frameworks";
				PRODUCT_BUNDLE_IDENTIFIER = "ming.Virtual-TouristTests";
				PRODUCT_NAME = "$(TARGET_NAME)";
				TEST_HOST = "$(BUILT_PRODUCTS_DIR)/Virtual Tourist.app/Virtual Tourist";
			};
			name = Release;
		};
		3A0590401D328AFD00933C01 /* Debug */ = {
			isa = XCBuildConfiguration;
			buildSettings = {
				INFOPLIST_FILE = "Virtual TouristUITests/Info.plist";
				LD_RUNPATH_SEARCH_PATHS = "$(inherited) @executable_path/Frameworks @loader_path/Frameworks";
				PRODUCT_BUNDLE_IDENTIFIER = "ming.Virtual-TouristUITests";
				PRODUCT_NAME = "$(TARGET_NAME)";
				TEST_TARGET_NAME = "Virtual Tourist";
			};
			name = Debug;
		};
		3A0590411D328AFD00933C01 /* Release */ = {
			isa = XCBuildConfiguration;
			buildSettings = {
				INFOPLIST_FILE = "Virtual TouristUITests/Info.plist";
				LD_RUNPATH_SEARCH_PATHS = "$(inherited) @executable_path/Frameworks @loader_path/Frameworks";
				PRODUCT_BUNDLE_IDENTIFIER = "ming.Virtual-TouristUITests";
				PRODUCT_NAME = "$(TARGET_NAME)";
				TEST_TARGET_NAME = "Virtual Tourist";
			};
			name = Release;
		};
/* End XCBuildConfiguration section */

/* Begin XCConfigurationList section */
		3A0590091D328AFC00933C01 /* Build configuration list for PBXProject "Virtual Tourist" */ = {
			isa = XCConfigurationList;
			buildConfigurations = (
				3A0590371D328AFD00933C01 /* Debug */,
				3A0590381D328AFD00933C01 /* Release */,
			);
			defaultConfigurationIsVisible = 0;
			defaultConfigurationName = Release;
		};
		3A0590391D328AFD00933C01 /* Build configuration list for PBXNativeTarget "Virtual Tourist" */ = {
			isa = XCConfigurationList;
			buildConfigurations = (
				3A05903A1D328AFD00933C01 /* Debug */,
				3A05903B1D328AFD00933C01 /* Release */,
			);
			defaultConfigurationIsVisible = 0;
			defaultConfigurationName = Release;
		};
		3A05903C1D328AFD00933C01 /* Build configuration list for PBXNativeTarget "Virtual TouristTests" */ = {
			isa = XCConfigurationList;
			buildConfigurations = (
				3A05903D1D328AFD00933C01 /* Debug */,
				3A05903E1D328AFD00933C01 /* Release */,
			);
			defaultConfigurationIsVisible = 0;
			defaultConfigurationName = Release;
		};
		3A05903F1D328AFD00933C01 /* Build configuration list for PBXNativeTarget "Virtual TouristUITests" */ = {
			isa = XCConfigurationList;
			buildConfigurations = (
				3A0590401D328AFD00933C01 /* Debug */,
				3A0590411D328AFD00933C01 /* Release */,
			);
			defaultConfigurationIsVisible = 0;
			defaultConfigurationName = Release;
		};
/* End XCConfigurationList section */

/* Begin XCVersionGroup section */
		3A0590181D328AFC00933C01 /* VirtualTourist.xcdatamodeld */ = {
			isa = XCVersionGroup;
			children = (
				3A0590191D328AFC00933C01 /* VirtualTourist.xcdatamodel */,
			);
			currentVersion = 3A0590191D328AFC00933C01 /* VirtualTourist.xcdatamodel */;
			path = VirtualTourist.xcdatamodeld;
			sourceTree = "<group>";
			versionGroupType = wrapper.xcdatamodel;
		};
/* End XCVersionGroup section */
	};
	rootObject = 3A0590061D328AFC00933C01 /* Project object */;
}
